<?xml version="1.0" encoding="utf-8"?>
<Project ToolsVersion="4.0" xmlns="http://schemas.microsoft.com/developer/msbuild/2003">
  <ItemGroup>
    <Filter Include="Source Files">
      <UniqueIdentifier>{4FC737F1-C7A5-4376-A066-2A32D752A2FF}</UniqueIdentifier>
      <Extensions>cpp;c;cc;cxx;def;odl;idl;hpj;bat;asm;asmx</Extensions>
    </Filter>
    <Filter Include="Header Files">
      <UniqueIdentifier>{93995380-89BD-4b04-88EB-625FBE52EBFB}</UniqueIdentifier>
      <Extensions>h;hh;hpp;hxx;hm;inl;inc;ipp;xsd</Extensions>
    </Filter>
    <Filter Include="Resource Files">
      <UniqueIdentifier>{67DA6AB6-F800-4c08-8B7A-83BB121AAD01}</UniqueIdentifier>
      <Extensions>rc;ico;cur;bmp;dlg;rc2;rct;bin;rgs;gif;jpg;jpeg;jpe;resx;tiff;tif;png;wav;mfcribbon-ms</Extensions>
    </Filter>
    <Filter Include="Test">
      <UniqueIdentifier>{c8d5efbf-47ba-4e1c-ad9d-b417c8c64c03}</UniqueIdentifier>
    </Filter>
    <Filter Include="Concurrency">
      <UniqueIdentifier>{e0264abe-fa34-4267-8adb-6d52fd5fa0b4}</UniqueIdentifier>
    </Filter>
    <Filter Include="Concurrency\Include">
      <UniqueIdentifier>{6e250680-5768-4f21-9e7c-79110fafe064}</UniqueIdentifier>
    </Filter>
    <Filter Include="Concurrency\Src">
      <UniqueIdentifier>{9533fa44-c895-4964-907c-0935e8a9dd6f}</UniqueIdentifier>
    </Filter>
    <Filter Include="TemplateCode">
      <UniqueIdentifier>{e20c5e0b-1a54-4b07-b660-145393c80089}</UniqueIdentifier>
    </Filter>
    <Filter Include="TemplateCode\Include">
      <UniqueIdentifier>{3a7b921c-7734-468c-b01f-15b9a82045f7}</UniqueIdentifier>
    </Filter>
    <Filter Include="TemplateCode\Src">
      <UniqueIdentifier>{2c20d31e-9d22-430b-8293-c7e97c9728a5}</UniqueIdentifier>
    </Filter>
    <Filter Include="APITest">
      <UniqueIdentifier>{c4779a55-86de-4072-a4b6-25a64ac1badd}</UniqueIdentifier>
    </Filter>
  </ItemGroup>
  <ItemGroup>
    <ClCompile Include="TemplatePro.cpp">
      <Filter>Source Files</Filter>
    </ClCompile>
    <ClCompile Include="Test\TestFun.cpp">
      <Filter>Test</Filter>
    </ClCompile>
    <ClCompile Include="TemplateCode\Src\stack.cpp">
      <Filter>TemplateCode\Src</Filter>
    </ClCompile>
  </ItemGroup>
  <ItemGroup>
    <ClInclude Include="Include\templateFun.h">
      <Filter>Header Files</Filter>
    </ClInclude>
    <ClInclude Include="Concurrency\Include\1_1.h">
      <Filter>Concurrency\Include</Filter>
    </ClInclude>
    <ClInclude Include="Concurrency\Include\2_1.h">
      <Filter>Concurrency\Include</Filter>
    </ClInclude>
<<<<<<< HEAD
    <ClInclude Include="TemplateCode\Include\stack.h">
      <Filter>TemplateCode\Include</Filter>
    </ClInclude>
    <ClInclude Include="TemplateCode\Src\3_1.h">
      <Filter>Concurrency\Include</Filter>
    </ClInclude>
    <ClInclude Include="APITest\copyFile.h">
      <Filter>APITest</Filter>
=======
    <ClInclude Include="Concurrency\Include\3_2.h">
      <Filter>Concurrency\Include</Filter>
    </ClInclude>
    <ClInclude Include="Concurrency\Include\3_3.h">
      <Filter>Concurrency\Include</Filter>
    </ClInclude>
    <ClInclude Include="Concurrency\Include\Color.h">
      <Filter>Concurrency\Include</Filter>
>>>>>>> 8cf8b10ee6009d77dcc4afb7af11f124daa1ad37
    </ClInclude>
  </ItemGroup>
</Project>